// !$*UTF8*$!
{
	archiveVersion = 1;
	classes = {
	};
	objectVersion = 56;
	objects = {

/* Begin PBXBuildFile section */
		52B544912BD0DA45009644E5 /* MontraDevApp.swift in Sources */ = {isa = PBXBuildFile; fileRef = 52B544902BD0DA45009644E5 /* MontraDevApp.swift */; };
		52B544932BD0DA45009644E5 /* ContentView.swift in Sources */ = {isa = PBXBuildFile; fileRef = 52B544922BD0DA45009644E5 /* ContentView.swift */; };
		52B544952BD0DA46009644E5 /* Assets.xcassets in Resources */ = {isa = PBXBuildFile; fileRef = 52B544942BD0DA46009644E5 /* Assets.xcassets */; };
		52B544982BD0DA46009644E5 /* Preview Assets.xcassets in Resources */ = {isa = PBXBuildFile; fileRef = 52B544972BD0DA46009644E5 /* Preview Assets.xcassets */; };
		52B544A32BD0DB48009644E5 /* Launch Screen.storyboard in Resources */ = {isa = PBXBuildFile; fileRef = 52B544A22BD0DB48009644E5 /* Launch Screen.storyboard */; };
		52B544C02BD0F954009644E5 /* Inter-Medium.ttf in Resources */ = {isa = PBXBuildFile; fileRef = 52B544B72BD0F954009644E5 /* Inter-Medium.ttf */; };
		52B544C12BD0F954009644E5 /* Inter-Thin.ttf in Resources */ = {isa = PBXBuildFile; fileRef = 52B544B82BD0F954009644E5 /* Inter-Thin.ttf */; };
		52B544C22BD0F954009644E5 /* Inter-Black.ttf in Resources */ = {isa = PBXBuildFile; fileRef = 52B544B92BD0F954009644E5 /* Inter-Black.ttf */; };
		52B544C32BD0F954009644E5 /* Inter-Light.ttf in Resources */ = {isa = PBXBuildFile; fileRef = 52B544BA2BD0F954009644E5 /* Inter-Light.ttf */; };
		52B544C42BD0F954009644E5 /* Inter-ExtraBold.ttf in Resources */ = {isa = PBXBuildFile; fileRef = 52B544BB2BD0F954009644E5 /* Inter-ExtraBold.ttf */; };
		52B544C52BD0F954009644E5 /* Inter-ExtraLight.ttf in Resources */ = {isa = PBXBuildFile; fileRef = 52B544BC2BD0F954009644E5 /* Inter-ExtraLight.ttf */; };
		52B544C62BD0F954009644E5 /* Inter-Regular.ttf in Resources */ = {isa = PBXBuildFile; fileRef = 52B544BD2BD0F954009644E5 /* Inter-Regular.ttf */; };
		52B544C72BD0F954009644E5 /* Inter-Bold.ttf in Resources */ = {isa = PBXBuildFile; fileRef = 52B544BE2BD0F954009644E5 /* Inter-Bold.ttf */; };
		52B544C82BD0F954009644E5 /* Inter-SemiBold.ttf in Resources */ = {isa = PBXBuildFile; fileRef = 52B544BF2BD0F954009644E5 /* Inter-SemiBold.ttf */; };
		52B544CC2BD0FC74009644E5 /* Onboarding.swift in Sources */ = {isa = PBXBuildFile; fileRef = 52B544CB2BD0FC74009644E5 /* Onboarding.swift */; };
		52B544CF2BD0FEF3009644E5 /* OnboardingSingleView.swift in Sources */ = {isa = PBXBuildFile; fileRef = 52B544CE2BD0FEF3009644E5 /* OnboardingSingleView.swift */; };
		52B544D12BD101BD009644E5 /* OnboardingView.swift in Sources */ = {isa = PBXBuildFile; fileRef = 52B544D02BD101BD009644E5 /* OnboardingView.swift */; };
		52B544D32BD105E6009644E5 /* CustomDotIndicator.swift in Sources */ = {isa = PBXBuildFile; fileRef = 52B544D22BD105E6009644E5 /* CustomDotIndicator.swift */; };
/* End PBXBuildFile section */

/* Begin PBXFileReference section */
		52B5448D2BD0DA45009644E5 /* MontraDev.app */ = {isa = PBXFileReference; explicitFileType = wrapper.application; includeInIndex = 0; path = MontraDev.app; sourceTree = BUILT_PRODUCTS_DIR; };
		52B544902BD0DA45009644E5 /* MontraDevApp.swift */ = {isa = PBXFileReference; lastKnownFileType = sourcecode.swift; path = MontraDevApp.swift; sourceTree = "<group>"; };
		52B544922BD0DA45009644E5 /* ContentView.swift */ = {isa = PBXFileReference; lastKnownFileType = sourcecode.swift; path = ContentView.swift; sourceTree = "<group>"; };
		52B544942BD0DA46009644E5 /* Assets.xcassets */ = {isa = PBXFileReference; lastKnownFileType = folder.assetcatalog; path = Assets.xcassets; sourceTree = "<group>"; };
		52B544972BD0DA46009644E5 /* Preview Assets.xcassets */ = {isa = PBXFileReference; lastKnownFileType = folder.assetcatalog; path = "Preview Assets.xcassets"; sourceTree = "<group>"; };
		52B544A22BD0DB48009644E5 /* Launch Screen.storyboard */ = {isa = PBXFileReference; lastKnownFileType = file.storyboard; path = "Launch Screen.storyboard"; sourceTree = "<group>"; };
		52B544B72BD0F954009644E5 /* Inter-Medium.ttf */ = {isa = PBXFileReference; lastKnownFileType = file; path = "Inter-Medium.ttf"; sourceTree = "<group>"; };
		52B544B82BD0F954009644E5 /* Inter-Thin.ttf */ = {isa = PBXFileReference; lastKnownFileType = file; path = "Inter-Thin.ttf"; sourceTree = "<group>"; };
		52B544B92BD0F954009644E5 /* Inter-Black.ttf */ = {isa = PBXFileReference; lastKnownFileType = file; path = "Inter-Black.ttf"; sourceTree = "<group>"; };
		52B544BA2BD0F954009644E5 /* Inter-Light.ttf */ = {isa = PBXFileReference; lastKnownFileType = file; path = "Inter-Light.ttf"; sourceTree = "<group>"; };
		52B544BB2BD0F954009644E5 /* Inter-ExtraBold.ttf */ = {isa = PBXFileReference; lastKnownFileType = file; path = "Inter-ExtraBold.ttf"; sourceTree = "<group>"; };
		52B544BC2BD0F954009644E5 /* Inter-ExtraLight.ttf */ = {isa = PBXFileReference; lastKnownFileType = file; path = "Inter-ExtraLight.ttf"; sourceTree = "<group>"; };
		52B544BD2BD0F954009644E5 /* Inter-Regular.ttf */ = {isa = PBXFileReference; lastKnownFileType = file; path = "Inter-Regular.ttf"; sourceTree = "<group>"; };
		52B544BE2BD0F954009644E5 /* Inter-Bold.ttf */ = {isa = PBXFileReference; lastKnownFileType = file; path = "Inter-Bold.ttf"; sourceTree = "<group>"; };
		52B544BF2BD0F954009644E5 /* Inter-SemiBold.ttf */ = {isa = PBXFileReference; lastKnownFileType = file; path = "Inter-SemiBold.ttf"; sourceTree = "<group>"; };
		52B544C92BD0F9AD009644E5 /* Info.plist */ = {isa = PBXFileReference; lastKnownFileType = text.plist; path = Info.plist; sourceTree = "<group>"; };
		52B544CB2BD0FC74009644E5 /* Onboarding.swift */ = {isa = PBXFileReference; lastKnownFileType = sourcecode.swift; path = Onboarding.swift; sourceTree = "<group>"; };
		52B544CE2BD0FEF3009644E5 /* OnboardingSingleView.swift */ = {isa = PBXFileReference; lastKnownFileType = sourcecode.swift; path = OnboardingSingleView.swift; sourceTree = "<group>"; };
		52B544D02BD101BD009644E5 /* OnboardingView.swift */ = {isa = PBXFileReference; lastKnownFileType = sourcecode.swift; path = OnboardingView.swift; sourceTree = "<group>"; };
		52B544D22BD105E6009644E5 /* CustomDotIndicator.swift */ = {isa = PBXFileReference; lastKnownFileType = sourcecode.swift; path = CustomDotIndicator.swift; sourceTree = "<group>"; };
/* End PBXFileReference section */

/* Begin PBXFrameworksBuildPhase section */
		52B5448A2BD0DA45009644E5 /* Frameworks */ = {
			isa = PBXFrameworksBuildPhase;
			buildActionMask = 2147483647;
			files = (
			);
			runOnlyForDeploymentPostprocessing = 0;
		};
/* End PBXFrameworksBuildPhase section */

/* Begin PBXGroup section */
		52B544842BD0DA45009644E5 = {
			isa = PBXGroup;
			children = (
				52B5448F2BD0DA45009644E5 /* MontraDev */,
				52B5448E2BD0DA45009644E5 /* Products */,
			);
			sourceTree = "<group>";
		};
		52B5448E2BD0DA45009644E5 /* Products */ = {
			isa = PBXGroup;
			children = (
				52B5448D2BD0DA45009644E5 /* MontraDev.app */,
			);
			name = Products;
			sourceTree = "<group>";
		};
		52B5448F2BD0DA45009644E5 /* MontraDev */ = {
			isa = PBXGroup;
			children = (
				52B544CA2BD0FC5C009644E5 /* Model */,
				52B544C92BD0F9AD009644E5 /* Info.plist */,
				52B544A02BD0DA63009644E5 /* App */,
				52B5449F2BD0DA5D009644E5 /* View */,
				52B5449E2BD0DA53009644E5 /* Resources */,
				52B544962BD0DA46009644E5 /* Preview Content */,
			);
			path = MontraDev;
			sourceTree = "<group>";
		};
		52B544962BD0DA46009644E5 /* Preview Content */ = {
			isa = PBXGroup;
			children = (
				52B544972BD0DA46009644E5 /* Preview Assets.xcassets */,
			);
			path = "Preview Content";
			sourceTree = "<group>";
		};
		52B5449E2BD0DA53009644E5 /* Resources */ = {
			isa = PBXGroup;
			children = (
				52B544A42BD0F84C009644E5 /* Font */,
				52B544942BD0DA46009644E5 /* Assets.xcassets */,
			);
			path = Resources;
			sourceTree = "<group>";
		};
		52B5449F2BD0DA5D009644E5 /* View */ = {
			isa = PBXGroup;
			children = (
				52B544CD2BD0FEE0009644E5 /* Components */,
				52B544A12BD0DB29009644E5 /* Launch */,
				52B544922BD0DA45009644E5 /* ContentView.swift */,
				52B544D02BD101BD009644E5 /* OnboardingView.swift */,
			);
			path = View;
			sourceTree = "<group>";
		};
		52B544A02BD0DA63009644E5 /* App */ = {
			isa = PBXGroup;
			children = (
				52B544902BD0DA45009644E5 /* MontraDevApp.swift */,
			);
			path = App;
			sourceTree = "<group>";
		};
		52B544A12BD0DB29009644E5 /* Launch */ = {
			isa = PBXGroup;
			children = (
				52B544A22BD0DB48009644E5 /* Launch Screen.storyboard */,
			);
			path = Launch;
			sourceTree = "<group>";
		};
		52B544A42BD0F84C009644E5 /* Font */ = {
			isa = PBXGroup;
			children = (
				52B544B92BD0F954009644E5 /* Inter-Black.ttf */,
				52B544BE2BD0F954009644E5 /* Inter-Bold.ttf */,
				52B544BB2BD0F954009644E5 /* Inter-ExtraBold.ttf */,
				52B544BC2BD0F954009644E5 /* Inter-ExtraLight.ttf */,
				52B544BA2BD0F954009644E5 /* Inter-Light.ttf */,
				52B544B72BD0F954009644E5 /* Inter-Medium.ttf */,
				52B544BD2BD0F954009644E5 /* Inter-Regular.ttf */,
				52B544BF2BD0F954009644E5 /* Inter-SemiBold.ttf */,
				52B544B82BD0F954009644E5 /* Inter-Thin.ttf */,
			);
			path = Font;
			sourceTree = "<group>";
		};
		52B544CA2BD0FC5C009644E5 /* Model */ = {
			isa = PBXGroup;
			children = (
				52B544CB2BD0FC74009644E5 /* Onboarding.swift */,
			);
			path = Model;
			sourceTree = "<group>";
		};
		52B544CD2BD0FEE0009644E5 /* Components */ = {
			isa = PBXGroup;
			children = (
				52B544CE2BD0FEF3009644E5 /* OnboardingSingleView.swift */,
				52B544D22BD105E6009644E5 /* CustomDotIndicator.swift */,
			);
			path = Components;
			sourceTree = "<group>";
		};
/* End PBXGroup section */

/* Begin PBXNativeTarget section */
		52B5448C2BD0DA45009644E5 /* MontraDev */ = {
			isa = PBXNativeTarget;
			buildConfigurationList = 52B5449B2BD0DA46009644E5 /* Build configuration list for PBXNativeTarget "MontraDev" */;
			buildPhases = (
				52B544892BD0DA45009644E5 /* Sources */,
				52B5448A2BD0DA45009644E5 /* Frameworks */,
				52B5448B2BD0DA45009644E5 /* Resources */,
			);
			buildRules = (
			);
			dependencies = (
			);
			name = MontraDev;
			productName = MontraDev;
			productReference = 52B5448D2BD0DA45009644E5 /* MontraDev.app */;
			productType = "com.apple.product-type.application";
		};
/* End PBXNativeTarget section */

/* Begin PBXProject section */
		52B544852BD0DA45009644E5 /* Project object */ = {
			isa = PBXProject;
			attributes = {
				BuildIndependentTargetsInParallel = 1;
				LastSwiftUpdateCheck = 1530;
				LastUpgradeCheck = 1530;
				TargetAttributes = {
					52B5448C2BD0DA45009644E5 = {
						CreatedOnToolsVersion = 15.3;
					};
				};
			};
			buildConfigurationList = 52B544882BD0DA45009644E5 /* Build configuration list for PBXProject "MontraDev" */;
			compatibilityVersion = "Xcode 14.0";
			developmentRegion = en;
			hasScannedForEncodings = 0;
			knownRegions = (
				en,
				Base,
			);
			mainGroup = 52B544842BD0DA45009644E5;
			productRefGroup = 52B5448E2BD0DA45009644E5 /* Products */;
			projectDirPath = "";
			projectRoot = "";
			targets = (
				52B5448C2BD0DA45009644E5 /* MontraDev */,
			);
		};
/* End PBXProject section */

/* Begin PBXResourcesBuildPhase section */
		52B5448B2BD0DA45009644E5 /* Resources */ = {
			isa = PBXResourcesBuildPhase;
			buildActionMask = 2147483647;
			files = (
				52B544C82BD0F954009644E5 /* Inter-SemiBold.ttf in Resources */,
				52B544C02BD0F954009644E5 /* Inter-Medium.ttf in Resources */,
				52B544C22BD0F954009644E5 /* Inter-Black.ttf in Resources */,
				52B544C72BD0F954009644E5 /* Inter-Bold.ttf in Resources */,
				52B544A32BD0DB48009644E5 /* Launch Screen.storyboard in Resources */,
				52B544C42BD0F954009644E5 /* Inter-ExtraBold.ttf in Resources */,
				52B544982BD0DA46009644E5 /* Preview Assets.xcassets in Resources */,
				52B544C12BD0F954009644E5 /* Inter-Thin.ttf in Resources */,
				52B544C62BD0F954009644E5 /* Inter-Regular.ttf in Resources */,
				52B544952BD0DA46009644E5 /* Assets.xcassets in Resources */,
				52B544C52BD0F954009644E5 /* Inter-ExtraLight.ttf in Resources */,
				52B544C32BD0F954009644E5 /* Inter-Light.ttf in Resources */,
			);
			runOnlyForDeploymentPostprocessing = 0;
		};
/* End PBXResourcesBuildPhase section */

/* Begin PBXSourcesBuildPhase section */
		52B544892BD0DA45009644E5 /* Sources */ = {
			isa = PBXSourcesBuildPhase;
			buildActionMask = 2147483647;
			files = (
				52B544CC2BD0FC74009644E5 /* Onboarding.swift in Sources */,
				52B544CF2BD0FEF3009644E5 /* OnboardingSingleView.swift in Sources */,
				52B544D32BD105E6009644E5 /* CustomDotIndicator.swift in Sources */,
				52B544932BD0DA45009644E5 /* ContentView.swift in Sources */,
				52B544D12BD101BD009644E5 /* OnboardingView.swift in Sources */,
				52B544912BD0DA45009644E5 /* MontraDevApp.swift in Sources */,
			);
			runOnlyForDeploymentPostprocessing = 0;
		};
/* End PBXSourcesBuildPhase section */

/* Begin XCBuildConfiguration section */
		52B544992BD0DA46009644E5 /* Debug */ = {
			isa = XCBuildConfiguration;
			buildSettings = {
				ALWAYS_SEARCH_USER_PATHS = NO;
				ASSETCATALOG_COMPILER_GENERATE_SWIFT_ASSET_SYMBOL_EXTENSIONS = YES;
				CLANG_ANALYZER_NONNULL = YES;
				CLANG_ANALYZER_NUMBER_OBJECT_CONVERSION = YES_AGGRESSIVE;
				CLANG_CXX_LANGUAGE_STANDARD = "gnu++20";
				CLANG_ENABLE_MODULES = YES;
				CLANG_ENABLE_OBJC_ARC = YES;
				CLANG_ENABLE_OBJC_WEAK = YES;
				CLANG_WARN_BLOCK_CAPTURE_AUTORELEASING = YES;
				CLANG_WARN_BOOL_CONVERSION = YES;
				CLANG_WARN_COMMA = YES;
				CLANG_WARN_CONSTANT_CONVERSION = YES;
				CLANG_WARN_DEPRECATED_OBJC_IMPLEMENTATIONS = YES;
				CLANG_WARN_DIRECT_OBJC_ISA_USAGE = YES_ERROR;
				CLANG_WARN_DOCUMENTATION_COMMENTS = YES;
				CLANG_WARN_EMPTY_BODY = YES;
				CLANG_WARN_ENUM_CONVERSION = YES;
				CLANG_WARN_INFINITE_RECURSION = YES;
				CLANG_WARN_INT_CONVERSION = YES;
				CLANG_WARN_NON_LITERAL_NULL_CONVERSION = YES;
				CLANG_WARN_OBJC_IMPLICIT_RETAIN_SELF = YES;
				CLANG_WARN_OBJC_LITERAL_CONVERSION = YES;
				CLANG_WARN_OBJC_ROOT_CLASS = YES_ERROR;
				CLANG_WARN_QUOTED_INCLUDE_IN_FRAMEWORK_HEADER = YES;
				CLANG_WARN_RANGE_LOOP_ANALYSIS = YES;
				CLANG_WARN_STRICT_PROTOTYPES = YES;
				CLANG_WARN_SUSPICIOUS_MOVE = YES;
				CLANG_WARN_UNGUARDED_AVAILABILITY = YES_AGGRESSIVE;
				CLANG_WARN_UNREACHABLE_CODE = YES;
				CLANG_WARN__DUPLICATE_METHOD_MATCH = YES;
				COPY_PHASE_STRIP = NO;
				DEBUG_INFORMATION_FORMAT = dwarf;
				ENABLE_STRICT_OBJC_MSGSEND = YES;
				ENABLE_TESTABILITY = YES;
				ENABLE_USER_SCRIPT_SANDBOXING = YES;
				GCC_C_LANGUAGE_STANDARD = gnu17;
				GCC_DYNAMIC_NO_PIC = NO;
				GCC_NO_COMMON_BLOCKS = YES;
				GCC_OPTIMIZATION_LEVEL = 0;
				GCC_PREPROCESSOR_DEFINITIONS = (
					"DEBUG=1",
					"$(inherited)",
				);
				GCC_WARN_64_TO_32_BIT_CONVERSION = YES;
				GCC_WARN_ABOUT_RETURN_TYPE = YES_ERROR;
				GCC_WARN_UNDECLARED_SELECTOR = YES;
				GCC_WARN_UNINITIALIZED_AUTOS = YES_AGGRESSIVE;
				GCC_WARN_UNUSED_FUNCTION = YES;
				GCC_WARN_UNUSED_VARIABLE = YES;
				IPHONEOS_DEPLOYMENT_TARGET = 17.4;
				LOCALIZATION_PREFERS_STRING_CATALOGS = YES;
				MTL_ENABLE_DEBUG_INFO = INCLUDE_SOURCE;
				MTL_FAST_MATH = YES;
				ONLY_ACTIVE_ARCH = YES;
				SDKROOT = iphoneos;
				SWIFT_ACTIVE_COMPILATION_CONDITIONS = "DEBUG $(inherited)";
				SWIFT_OPTIMIZATION_LEVEL = "-Onone";
			};
			name = Debug;
		};
		52B5449A2BD0DA46009644E5 /* Release */ = {
			isa = XCBuildConfiguration;
			buildSettings = {
				ALWAYS_SEARCH_USER_PATHS = NO;
				ASSETCATALOG_COMPILER_GENERATE_SWIFT_ASSET_SYMBOL_EXTENSIONS = YES;
				CLANG_ANALYZER_NONNULL = YES;
				CLANG_ANALYZER_NUMBER_OBJECT_CONVERSION = YES_AGGRESSIVE;
				CLANG_CXX_LANGUAGE_STANDARD = "gnu++20";
				CLANG_ENABLE_MODULES = YES;
				CLANG_ENABLE_OBJC_ARC = YES;
				CLANG_ENABLE_OBJC_WEAK = YES;
				CLANG_WARN_BLOCK_CAPTURE_AUTORELEASING = YES;
				CLANG_WARN_BOOL_CONVERSION = YES;
				CLANG_WARN_COMMA = YES;
				CLANG_WARN_CONSTANT_CONVERSION = YES;
				CLANG_WARN_DEPRECATED_OBJC_IMPLEMENTATIONS = YES;
				CLANG_WARN_DIRECT_OBJC_ISA_USAGE = YES_ERROR;
				CLANG_WARN_DOCUMENTATION_COMMENTS = YES;
				CLANG_WARN_EMPTY_BODY = YES;
				CLANG_WARN_ENUM_CONVERSION = YES;
				CLANG_WARN_INFINITE_RECURSION = YES;
				CLANG_WARN_INT_CONVERSION = YES;
				CLANG_WARN_NON_LITERAL_NULL_CONVERSION = YES;
				CLANG_WARN_OBJC_IMPLICIT_RETAIN_SELF = YES;
				CLANG_WARN_OBJC_LITERAL_CONVERSION = YES;
				CLANG_WARN_OBJC_ROOT_CLASS = YES_ERROR;
				CLANG_WARN_QUOTED_INCLUDE_IN_FRAMEWORK_HEADER = YES;
				CLANG_WARN_RANGE_LOOP_ANALYSIS = YES;
				CLANG_WARN_STRICT_PROTOTYPES = YES;
				CLANG_WARN_SUSPICIOUS_MOVE = YES;
				CLANG_WARN_UNGUARDED_AVAILABILITY = YES_AGGRESSIVE;
				CLANG_WARN_UNREACHABLE_CODE = YES;
				CLANG_WARN__DUPLICATE_METHOD_MATCH = YES;
				COPY_PHASE_STRIP = NO;
				DEBUG_INFORMATION_FORMAT = "dwarf-with-dsym";
				ENABLE_NS_ASSERTIONS = NO;
				ENABLE_STRICT_OBJC_MSGSEND = YES;
				ENABLE_USER_SCRIPT_SANDBOXING = YES;
				GCC_C_LANGUAGE_STANDARD = gnu17;
				GCC_NO_COMMON_BLOCKS = YES;
				GCC_WARN_64_TO_32_BIT_CONVERSION = YES;
				GCC_WARN_ABOUT_RETURN_TYPE = YES_ERROR;
				GCC_WARN_UNDECLARED_SELECTOR = YES;
				GCC_WARN_UNINITIALIZED_AUTOS = YES_AGGRESSIVE;
				GCC_WARN_UNUSED_FUNCTION = YES;
				GCC_WARN_UNUSED_VARIABLE = YES;
				IPHONEOS_DEPLOYMENT_TARGET = 17.4;
				LOCALIZATION_PREFERS_STRING_CATALOGS = YES;
				MTL_ENABLE_DEBUG_INFO = NO;
				MTL_FAST_MATH = YES;
				SDKROOT = iphoneos;
				SWIFT_COMPILATION_MODE = wholemodule;
				VALIDATE_PRODUCT = YES;
			};
			name = Release;
		};
		52B5449C2BD0DA46009644E5 /* Debug */ = {
			isa = XCBuildConfiguration;
			buildSettings = {
				ASSETCATALOG_COMPILER_APPICON_NAME = AppIcon;
				ASSETCATALOG_COMPILER_GLOBAL_ACCENT_COLOR_NAME = AccentColor;
				CODE_SIGN_STYLE = Automatic;
				CURRENT_PROJECT_VERSION = 1;
				DEVELOPMENT_ASSET_PATHS = "\"MontraDev/Preview Content\"";
				ENABLE_PREVIEWS = YES;
				GENERATE_INFOPLIST_FILE = YES;
				INFOPLIST_FILE = MontraDev/Info.plist;
				INFOPLIST_KEY_UIApplicationSceneManifest_Generation = YES;
				INFOPLIST_KEY_UIApplicationSupportsIndirectInputEvents = YES;
				INFOPLIST_KEY_UILaunchScreen_Generation = YES;
				INFOPLIST_KEY_UILaunchStoryboardName = "Launch Screen.storyboard";
				INFOPLIST_KEY_UISupportedInterfaceOrientations_iPad = "UIInterfaceOrientationPortrait UIInterfaceOrientationPortraitUpsideDown UIInterfaceOrientationLandscapeLeft UIInterfaceOrientationLandscapeRight";
				INFOPLIST_KEY_UISupportedInterfaceOrientations_iPhone = "UIInterfaceOrientationPortrait UIInterfaceOrientationLandscapeLeft UIInterfaceOrientationLandscapeRight";
				LD_RUNPATH_SEARCH_PATHS = (
					"$(inherited)",
					"@executable_path/Frameworks",
				);
				MARKETING_VERSION = 1.0;
				PRODUCT_BUNDLE_IDENTIFIER = com.bcas.MontraDev;
				PRODUCT_NAME = "$(TARGET_NAME)";
				SWIFT_EMIT_LOC_STRINGS = YES;
				SWIFT_VERSION = 5.0;
				TARGETED_DEVICE_FAMILY = "1,2";
			};
			name = Debug;
		};
		52B5449D2BD0DA46009644E5 /* Release */ = {
			isa = XCBuildConfiguration;
			buildSettings = {
				ASSETCATALOG_COMPILER_APPICON_NAME = AppIcon;
				ASSETCATALOG_COMPILER_GLOBAL_ACCENT_COLOR_NAME = AccentColor;
				CODE_SIGN_STYLE = Automatic;
				CURRENT_PROJECT_VERSION = 1;
				DEVELOPMENT_ASSET_PATHS = "\"MontraDev/Preview Content\"";
				ENABLE_PREVIEWS = YES;
				GENERATE_INFOPLIST_FILE = YES;
				INFOPLIST_FILE = MontraDev/Info.plist;
				INFOPLIST_KEY_UIApplicationSceneManifest_Generation = YES;
				INFOPLIST_KEY_UIApplicationSupportsIndirectInputEvents = YES;
				INFOPLIST_KEY_UILaunchScreen_Generation = YES;
				INFOPLIST_KEY_UILaunchStoryboardName = "Launch Screen.storyboard";
				INFOPLIST_KEY_UISupportedInterfaceOrientations_iPad = "UIInterfaceOrientationPortrait UIInterfaceOrientationPortraitUpsideDown UIInterfaceOrientationLandscapeLeft UIInterfaceOrientationLandscapeRight";
				INFOPLIST_KEY_UISupportedInterfaceOrientations_iPhone = "UIInterfaceOrientationPortrait UIInterfaceOrientationLandscapeLeft UIInterfaceOrientationLandscapeRight";
				LD_RUNPATH_SEARCH_PATHS = (
					"$(inherited)",
					"@executable_path/Frameworks",
				);
				MARKETING_VERSION = 1.0;
				PRODUCT_BUNDLE_IDENTIFIER = com.bcas.MontraDev;
				PRODUCT_NAME = "$(TARGET_NAME)";
				SWIFT_EMIT_LOC_STRINGS = YES;
				SWIFT_VERSION = 5.0;
				TARGETED_DEVICE_FAMILY = "1,2";
			};
			name = Release;
		};
/* End XCBuildConfiguration section */

/* Begin XCConfigurationList section */
		52B544882BD0DA45009644E5 /* Build configuration list for PBXProject "MontraDev" */ = {
			isa = XCConfigurationList;
			buildConfigurations = (
				52B544992BD0DA46009644E5 /* Debug */,
				52B5449A2BD0DA46009644E5 /* Release */,
			);
			defaultConfigurationIsVisible = 0;
			defaultConfigurationName = Release;
		};
		52B5449B2BD0DA46009644E5 /* Build configuration list for PBXNativeTarget "MontraDev" */ = {
			isa = XCConfigurationList;
			buildConfigurations = (
				52B5449C2BD0DA46009644E5 /* Debug */,
				52B5449D2BD0DA46009644E5 /* Release */,
			);
			defaultConfigurationIsVisible = 0;
			defaultConfigurationName = Release;
		};
/* End XCConfigurationList section */
	};
	rootObject = 52B544852BD0DA45009644E5 /* Project object */;
}
